
Microsoft Visual Studio Solution File, Format Version 11.00
# Visual Studio 2010
Project("{FAE04EC0-301F-11D3-BF4B-00C04F79EFBC}") = "SAUAR", "Assembly-CSharp.csproj", "{7289901D-7D00-3D25-AE13-3FE1E014F504}"
EndProject
Project("{FAE04EC0-301F-11D3-BF4B-00C04F79EFBC}") = "SAUAR", "Assembly-CSharp-Editor.csproj", "{5BB2CF00-CAA2-F2AB-BCF7-78170A7A69D1}"
EndProject
Global
	GlobalSection(SolutionConfigurationPlatforms) = preSolution
		Debug|Any CPU = Debug|Any CPU
		Release|Any CPU = Release|Any CPU
	EndGlobalSection
	GlobalSection(ProjectConfigurationPlatforms) = postSolution
		{7289901D-7D00-3D25-AE13-3FE1E014F504}.Debug|Any CPU.ActiveCfg = Debug|Any CPU
		{7289901D-7D00-3D25-AE13-3FE1E014F504}.Debug|Any CPU.Build.0 = Debug|Any CPU
		{7289901D-7D00-3D25-AE13-3FE1E014F504}.Release|Any CPU.ActiveCfg = Release|Any CPU
		{7289901D-7D00-3D25-AE13-3FE1E014F504}.Release|Any CPU.Build.0 = Release|Any CPU
		{5BB2CF00-CAA2-F2AB-BCF7-78170A7A69D1}.Debug|Any CPU.ActiveCfg = Debug|Any CPU
		{5BB2CF00-CAA2-F2AB-BCF7-78170A7A69D1}.Debug|Any CPU.Build.0 = Debug|Any CPU
		{5BB2CF00-CAA2-F2AB-BCF7-78170A7A69D1}.Release|Any CPU.ActiveCfg = Release|Any CPU
		{5BB2CF00-CAA2-F2AB-BCF7-78170A7A69D1}.Release|Any CPU.Build.0 = Release|Any CPU
	EndGlobalSection
	GlobalSection(SolutionProperties) = preSolution
		HideSolutionNode = FALSE
	EndGlobalSection
	GlobalSection(MonoDevelopProperties) = preSolution
		StartupItem = Assembly-CSharp.csproj
	EndGlobalSection
EndGlobal
